
Microsoft Visual Studio Solution File, Format Version 12.00
# Visual Studio 15
VisualStudioVersion = 15.0.26730.16
MinimumVisualStudioVersion = 10.0.40219.1
Project("{FAE04EC0-301F-11D3-BF4B-00C04F79EFBC}") = "MatchingParanthesisTest", "MatchingParanthesisTest\MatchingParanthesisTest.csproj", "{B552491A-D714-4143-83B4-198B56B4C3D2}"
EndProject
Global
	GlobalSection(SolutionConfigurationPlatforms) = preSolution
		Debug|Any CPU = Debug|Any CPU
		Release|Any CPU = Release|Any CPU
	EndGlobalSection
	GlobalSection(ProjectConfigurationPlatforms) = postSolution
		{B552491A-D714-4143-83B4-198B56B4C3D2}.Debug|Any CPU.ActiveCfg = Debug|Any CPU
		{B552491A-D714-4143-83B4-198B56B4C3D2}.Debug|Any CPU.Build.0 = Debug|Any CPU
		{B552491A-D714-4143-83B4-198B56B4C3D2}.Release|Any CPU.ActiveCfg = Release|Any CPU
		{B552491A-D714-4143-83B4-198B56B4C3D2}.Release|Any CPU.Build.0 = Release|Any CPU
	EndGlobalSection
	GlobalSection(SolutionProperties) = preSolution
		HideSolutionNode = FALSE
	EndGlobalSection
	GlobalSection(ExtensibilityGlobals) = postSolution
		SolutionGuid = {F737E96B-2EDB-484C-B8B1-B8974F0E05EF}
	EndGlobalSection
EndGlobal
